// !$*UTF8*$!
{
	archiveVersion = 1;
	classes = {
	};
	objectVersion = 56;
	objects = {

/* Begin PBXBuildFile section */
		BE01C256295C0FE20058E414 /* AppDelegate.swift in Sources */ = {isa = PBXBuildFile; fileRef = BE01C255295C0FE20058E414 /* AppDelegate.swift */; };
		BE01C258295C0FE20058E414 /* SceneDelegate.swift in Sources */ = {isa = PBXBuildFile; fileRef = BE01C257295C0FE20058E414 /* SceneDelegate.swift */; };
		BE01C25A295C0FE20058E414 /* ViewController.swift in Sources */ = {isa = PBXBuildFile; fileRef = BE01C259295C0FE20058E414 /* ViewController.swift */; };
		BE01C25D295C0FE20058E414 /* Main.storyboard in Resources */ = {isa = PBXBuildFile; fileRef = BE01C25B295C0FE20058E414 /* Main.storyboard */; };
		BE01C25F295C0FE30058E414 /* Assets.xcassets in Resources */ = {isa = PBXBuildFile; fileRef = BE01C25E295C0FE30058E414 /* Assets.xcassets */; };
		BE01C262295C0FE30058E414 /* LaunchScreen.storyboard in Resources */ = {isa = PBXBuildFile; fileRef = BE01C260295C0FE30058E414 /* LaunchScreen.storyboard */; };
		BE01C2712962A1F40058E414 /* MovieTableViewCell.swift in Sources */ = {isa = PBXBuildFile; fileRef = BE01C26F2962A1F40058E414 /* MovieTableViewCell.swift */; };
		BE01C2722962A1F40058E414 /* MovieTableViewCell.xib in Resources */ = {isa = PBXBuildFile; fileRef = BE01C2702962A1F40058E414 /* MovieTableViewCell.xib */; };
		BE01C2742962AA340058E414 /* MovieModel.swift in Sources */ = {isa = PBXBuildFile; fileRef = BE01C2732962AA340058E414 /* MovieModel.swift */; };
		BE1A88CA2977AF5E001AE5FE /* ImageDownloader.swift in Sources */ = {isa = PBXBuildFile; fileRef = BE1A88C92977AF5E001AE5FE /* ImageDownloader.swift */; };
		BE34473F298165F700141834 /* NetworkService.swift in Sources */ = {isa = PBXBuildFile; fileRef = BE34473E298165F600141834 /* NetworkService.swift */; };
/* End PBXBuildFile section */

/* Begin PBXFileReference section */
		BE01C252295C0FE20058E414 /* TMDB_try.app */ = {isa = PBXFileReference; explicitFileType = wrapper.application; includeInIndex = 0; path = TMDB_try.app; sourceTree = BUILT_PRODUCTS_DIR; };
		BE01C255295C0FE20058E414 /* AppDelegate.swift */ = {isa = PBXFileReference; lastKnownFileType = sourcecode.swift; path = AppDelegate.swift; sourceTree = "<group>"; };
		BE01C257295C0FE20058E414 /* SceneDelegate.swift */ = {isa = PBXFileReference; lastKnownFileType = sourcecode.swift; path = SceneDelegate.swift; sourceTree = "<group>"; };
		BE01C259295C0FE20058E414 /* ViewController.swift */ = {isa = PBXFileReference; lastKnownFileType = sourcecode.swift; path = ViewController.swift; sourceTree = "<group>"; };
		BE01C25C295C0FE20058E414 /* Base */ = {isa = PBXFileReference; lastKnownFileType = file.storyboard; name = Base; path = Base.lproj/Main.storyboard; sourceTree = "<group>"; };
		BE01C25E295C0FE30058E414 /* Assets.xcassets */ = {isa = PBXFileReference; lastKnownFileType = folder.assetcatalog; path = Assets.xcassets; sourceTree = "<group>"; };
		BE01C261295C0FE30058E414 /* Base */ = {isa = PBXFileReference; lastKnownFileType = file.storyboard; name = Base; path = Base.lproj/LaunchScreen.storyboard; sourceTree = "<group>"; };
		BE01C263295C0FE30058E414 /* Info.plist */ = {isa = PBXFileReference; lastKnownFileType = text.plist.xml; path = Info.plist; sourceTree = "<group>"; };
		BE01C26F2962A1F40058E414 /* MovieTableViewCell.swift */ = {isa = PBXFileReference; lastKnownFileType = sourcecode.swift; path = MovieTableViewCell.swift; sourceTree = "<group>"; };
		BE01C2702962A1F40058E414 /* MovieTableViewCell.xib */ = {isa = PBXFileReference; lastKnownFileType = file.xib; path = MovieTableViewCell.xib; sourceTree = "<group>"; };
		BE01C2732962AA340058E414 /* MovieModel.swift */ = {isa = PBXFileReference; lastKnownFileType = sourcecode.swift; path = MovieModel.swift; sourceTree = "<group>"; };
		BE1A88C92977AF5E001AE5FE /* ImageDownloader.swift */ = {isa = PBXFileReference; lastKnownFileType = sourcecode.swift; path = ImageDownloader.swift; sourceTree = "<group>"; };
		BE34473E298165F600141834 /* NetworkService.swift */ = {isa = PBXFileReference; lastKnownFileType = sourcecode.swift; path = NetworkService.swift; sourceTree = "<group>"; };
/* End PBXFileReference section */

/* Begin PBXFrameworksBuildPhase section */
		BE01C24F295C0FE20058E414 /* Frameworks */ = {
			isa = PBXFrameworksBuildPhase;
			buildActionMask = 2147483647;
			files = (
			);
			runOnlyForDeploymentPostprocessing = 0;
		};
/* End PBXFrameworksBuildPhase section */

/* Begin PBXGroup section */
		BE01C249295C0FE20058E414 = {
			isa = PBXGroup;
			children = (
				BE01C254295C0FE20058E414 /* TMDB_try */,
				BE01C253295C0FE20058E414 /* Products */,
			);
			sourceTree = "<group>";
		};
		BE01C253295C0FE20058E414 /* Products */ = {
			isa = PBXGroup;
			children = (
				BE01C252295C0FE20058E414 /* TMDB_try.app */,
			);
			name = Products;
			sourceTree = "<group>";
		};
		BE01C254295C0FE20058E414 /* TMDB_try */ = {
			isa = PBXGroup;
			children = (
				BE34473A297FBF2B00141834 /* App */,
				BE34473B297FBF3400141834 /* FileSystem */,
				BE34473D297FBF4A00141834 /* View */,
				BE34473C297FBF4000141834 /* NetworkSource */,
			);
			path = TMDB_try;
			sourceTree = "<group>";
		};
		BE34473A297FBF2B00141834 /* App */ = {
			isa = PBXGroup;
			children = (
				BE01C255295C0FE20058E414 /* AppDelegate.swift */,
				BE01C257295C0FE20058E414 /* SceneDelegate.swift */,
			);
			path = App;
			sourceTree = "<group>";
		};
		BE34473B297FBF3400141834 /* FileSystem */ = {
			isa = PBXGroup;
			children = (
				BE01C25E295C0FE30058E414 /* Assets.xcassets */,
				BE01C260295C0FE30058E414 /* LaunchScreen.storyboard */,
				BE01C263295C0FE30058E414 /* Info.plist */,
			);
			path = FileSystem;
			sourceTree = "<group>";
		};
		BE34473C297FBF4000141834 /* NetworkSource */ = {
			isa = PBXGroup;
			children = (
				BE01C2732962AA340058E414 /* MovieModel.swift */,
				BE1A88C92977AF5E001AE5FE /* ImageDownloader.swift */,
				BE34473E298165F600141834 /* NetworkService.swift */,
			);
			path = NetworkSource;
			sourceTree = "<group>";
		};
		BE34473D297FBF4A00141834 /* View */ = {
			isa = PBXGroup;
			children = (
				BE01C259295C0FE20058E414 /* ViewController.swift */,
				BE01C25B295C0FE20058E414 /* Main.storyboard */,
				BE01C26F2962A1F40058E414 /* MovieTableViewCell.swift */,
				BE01C2702962A1F40058E414 /* MovieTableViewCell.xib */,
			);
			path = View;
			sourceTree = "<group>";
		};
/* End PBXGroup section */

/* Begin PBXNativeTarget section */
		BE01C251295C0FE20058E414 /* TMDB_try */ = {
			isa = PBXNativeTarget;
			buildConfigurationList = BE01C266295C0FE30058E414 /* Build configuration list for PBXNativeTarget "TMDB_try" */;
			buildPhases = (
				BE01C24E295C0FE20058E414 /* Sources */,
				BE01C24F295C0FE20058E414 /* Frameworks */,
				BE01C250295C0FE20058E414 /* Resources */,
			);
			buildRules = (
			);
			dependencies = (
			);
			name = TMDB_try;
			productName = TMDB_try;
			productReference = BE01C252295C0FE20058E414 /* TMDB_try.app */;
			productType = "com.apple.product-type.application";
		};
/* End PBXNativeTarget section */

/* Begin PBXProject section */
		BE01C24A295C0FE20058E414 /* Project object */ = {
			isa = PBXProject;
			attributes = {
				BuildIndependentTargetsInParallel = 1;
				LastSwiftUpdateCheck = 1420;
				LastUpgradeCheck = 1420;
				TargetAttributes = {
					BE01C251295C0FE20058E414 = {
						CreatedOnToolsVersion = 14.2;
					};
				};
			};
			buildConfigurationList = BE01C24D295C0FE20058E414 /* Build configuration list for PBXProject "TMDB_try" */;
			compatibilityVersion = "Xcode 14.0";
			developmentRegion = en;
			hasScannedForEncodings = 0;
			knownRegions = (
				en,
				Base,
			);
			mainGroup = BE01C249295C0FE20058E414;
			productRefGroup = BE01C253295C0FE20058E414 /* Products */;
			projectDirPath = "";
			projectRoot = "";
			targets = (
				BE01C251295C0FE20058E414 /* TMDB_try */,
			);
		};
/* End PBXProject section */

/* Begin PBXResourcesBuildPhase section */
		BE01C250295C0FE20058E414 /* Resources */ = {
			isa = PBXResourcesBuildPhase;
			buildActionMask = 2147483647;
			files = (
				BE01C262295C0FE30058E414 /* LaunchScreen.storyboard in Resources */,
				BE01C25F295C0FE30058E414 /* Assets.xcassets in Resources */,
				BE01C2722962A1F40058E414 /* MovieTableViewCell.xib in Resources */,
				BE01C25D295C0FE20058E414 /* Main.storyboard in Resources */,
			);
			runOnlyForDeploymentPostprocessing = 0;
		};
/* End PBXResourcesBuildPhase section */

/* Begin PBXSourcesBuildPhase section */
		BE01C24E295C0FE20058E414 /* Sources */ = {
			isa = PBXSourcesBuildPhase;
			buildActionMask = 2147483647;
			files = (
				BE34473F298165F700141834 /* NetworkService.swift in Sources */,
				BE1A88CA2977AF5E001AE5FE /* ImageDownloader.swift in Sources */,
				BE01C25A295C0FE20058E414 /* ViewController.swift in Sources */,
				BE01C2712962A1F40058E414 /* MovieTableViewCell.swift in Sources */,
				BE01C256295C0FE20058E414 /* AppDelegate.swift in Sources */,
				BE01C2742962AA340058E414 /* MovieModel.swift in Sources */,
				BE01C258295C0FE20058E414 /* SceneDelegate.swift in Sources */,
			);
			runOnlyForDeploymentPostprocessing = 0;
		};
/* End PBXSourcesBuildPhase section */

/* Begin PBXVariantGroup section */
		BE01C25B295C0FE20058E414 /* Main.storyboard */ = {
			isa = PBXVariantGroup;
			children = (
				BE01C25C295C0FE20058E414 /* Base */,
			);
			name = Main.storyboard;
			sourceTree = "<group>";
		};
		BE01C260295C0FE30058E414 /* LaunchScreen.storyboard */ = {
			isa = PBXVariantGroup;
			children = (
				BE01C261295C0FE30058E414 /* Base */,
			);
			name = LaunchScreen.storyboard;
			sourceTree = "<group>";
		};
/* End PBXVariantGroup section */

/* Begin XCBuildConfiguration section */
		BE01C264295C0FE30058E414 /* Debug */ = {
			isa = XCBuildConfiguration;
			buildSettings = {
				ALWAYS_SEARCH_USER_PATHS = NO;
				CLANG_ANALYZER_NONNULL = YES;
				CLANG_ANALYZER_NUMBER_OBJECT_CONVERSION = YES_AGGRESSIVE;
				CLANG_CXX_LANGUAGE_STANDARD = "gnu++20";
				CLANG_ENABLE_MODULES = YES;
				CLANG_ENABLE_OBJC_ARC = YES;
				CLANG_ENABLE_OBJC_WEAK = YES;
				CLANG_WARN_BLOCK_CAPTURE_AUTORELEASING = YES;
				CLANG_WARN_BOOL_CONVERSION = YES;
				CLANG_WARN_COMMA = YES;
				CLANG_WARN_CONSTANT_CONVERSION = YES;
				CLANG_WARN_DEPRECATED_OBJC_IMPLEMENTATIONS = YES;
				CLANG_WARN_DIRECT_OBJC_ISA_USAGE = YES_ERROR;
				CLANG_WARN_DOCUMENTATION_COMMENTS = YES;
				CLANG_WARN_EMPTY_BODY = YES;
				CLANG_WARN_ENUM_CONVERSION = YES;
				CLANG_WARN_INFINITE_RECURSION = YES;
				CLANG_WARN_INT_CONVERSION = YES;
				CLANG_WARN_NON_LITERAL_NULL_CONVERSION = YES;
				CLANG_WARN_OBJC_IMPLICIT_RETAIN_SELF = YES;
				CLANG_WARN_OBJC_LITERAL_CONVERSION = YES;
				CLANG_WARN_OBJC_ROOT_CLASS = YES_ERROR;
				CLANG_WARN_QUOTED_INCLUDE_IN_FRAMEWORK_HEADER = YES;
				CLANG_WARN_RANGE_LOOP_ANALYSIS = YES;
				CLANG_WARN_STRICT_PROTOTYPES = YES;
				CLANG_WARN_SUSPICIOUS_MOVE = YES;
				CLANG_WARN_UNGUARDED_AVAILABILITY = YES_AGGRESSIVE;
				CLANG_WARN_UNREACHABLE_CODE = YES;
				CLANG_WARN__DUPLICATE_METHOD_MATCH = YES;
				COPY_PHASE_STRIP = NO;
				DEBUG_INFORMATION_FORMAT = dwarf;
				ENABLE_STRICT_OBJC_MSGSEND = YES;
				ENABLE_TESTABILITY = YES;
				GCC_C_LANGUAGE_STANDARD = gnu11;
				GCC_DYNAMIC_NO_PIC = NO;
				GCC_NO_COMMON_BLOCKS = YES;
				GCC_OPTIMIZATION_LEVEL = 0;
				GCC_PREPROCESSOR_DEFINITIONS = (
					"DEBUG=1",
					"$(inherited)",
				);
				GCC_WARN_64_TO_32_BIT_CONVERSION = YES;
				GCC_WARN_ABOUT_RETURN_TYPE = YES_ERROR;
				GCC_WARN_UNDECLARED_SELECTOR = YES;
				GCC_WARN_UNINITIALIZED_AUTOS = YES_AGGRESSIVE;
				GCC_WARN_UNUSED_FUNCTION = YES;
				GCC_WARN_UNUSED_VARIABLE = YES;
				IPHONEOS_DEPLOYMENT_TARGET = 16.2;
				MTL_ENABLE_DEBUG_INFO = INCLUDE_SOURCE;
				MTL_FAST_MATH = YES;
				ONLY_ACTIVE_ARCH = YES;
				SDKROOT = iphoneos;
				SWIFT_ACTIVE_COMPILATION_CONDITIONS = DEBUG;
				SWIFT_OPTIMIZATION_LEVEL = "-Onone";
			};
			name = Debug;
		};
		BE01C265295C0FE30058E414 /* Release */ = {
			isa = XCBuildConfiguration;
			buildSettings = {
				ALWAYS_SEARCH_USER_PATHS = NO;
				CLANG_ANALYZER_NONNULL = YES;
				CLANG_ANALYZER_NUMBER_OBJECT_CONVERSION = YES_AGGRESSIVE;
				CLANG_CXX_LANGUAGE_STANDARD = "gnu++20";
				CLANG_ENABLE_MODULES = YES;
				CLANG_ENABLE_OBJC_ARC = YES;
				CLANG_ENABLE_OBJC_WEAK = YES;
				CLANG_WARN_BLOCK_CAPTURE_AUTORELEASING = YES;
				CLANG_WARN_BOOL_CONVERSION = YES;
				CLANG_WARN_COMMA = YES;
				CLANG_WARN_CONSTANT_CONVERSION = YES;
				CLANG_WARN_DEPRECATED_OBJC_IMPLEMENTATIONS = YES;
				CLANG_WARN_DIRECT_OBJC_ISA_USAGE = YES_ERROR;
				CLANG_WARN_DOCUMENTATION_COMMENTS = YES;
				CLANG_WARN_EMPTY_BODY = YES;
				CLANG_WARN_ENUM_CONVERSION = YES;
				CLANG_WARN_INFINITE_RECURSION = YES;
				CLANG_WARN_INT_CONVERSION = YES;
				CLANG_WARN_NON_LITERAL_NULL_CONVERSION = YES;
				CLANG_WARN_OBJC_IMPLICIT_RETAIN_SELF = YES;
				CLANG_WARN_OBJC_LITERAL_CONVERSION = YES;
				CLANG_WARN_OBJC_ROOT_CLASS = YES_ERROR;
				CLANG_WARN_QUOTED_INCLUDE_IN_FRAMEWORK_HEADER = YES;
				CLANG_WARN_RANGE_LOOP_ANALYSIS = YES;
				CLANG_WARN_STRICT_PROTOTYPES = YES;
				CLANG_WARN_SUSPICIOUS_MOVE = YES;
				CLANG_WARN_UNGUARDED_AVAILABILITY = YES_AGGRESSIVE;
				CLANG_WARN_UNREACHABLE_CODE = YES;
				CLANG_WARN__DUPLICATE_METHOD_MATCH = YES;
				COPY_PHASE_STRIP = NO;
				DEBUG_INFORMATION_FORMAT = "dwarf-with-dsym";
				ENABLE_NS_ASSERTIONS = NO;
				ENABLE_STRICT_OBJC_MSGSEND = YES;
				GCC_C_LANGUAGE_STANDARD = gnu11;
				GCC_NO_COMMON_BLOCKS = YES;
				GCC_WARN_64_TO_32_BIT_CONVERSION = YES;
				GCC_WARN_ABOUT_RETURN_TYPE = YES_ERROR;
				GCC_WARN_UNDECLARED_SELECTOR = YES;
				GCC_WARN_UNINITIALIZED_AUTOS = YES_AGGRESSIVE;
				GCC_WARN_UNUSED_FUNCTION = YES;
				GCC_WARN_UNUSED_VARIABLE = YES;
				IPHONEOS_DEPLOYMENT_TARGET = 16.2;
				MTL_ENABLE_DEBUG_INFO = NO;
				MTL_FAST_MATH = YES;
				SDKROOT = iphoneos;
				SWIFT_COMPILATION_MODE = wholemodule;
				SWIFT_OPTIMIZATION_LEVEL = "-O";
				VALIDATE_PRODUCT = YES;
			};
			name = Release;
		};
		BE01C267295C0FE30058E414 /* Debug */ = {
			isa = XCBuildConfiguration;
			buildSettings = {
				ASSETCATALOG_COMPILER_APPICON_NAME = AppIcon;
				ASSETCATALOG_COMPILER_GLOBAL_ACCENT_COLOR_NAME = AccentColor;
				CODE_SIGN_STYLE = Automatic;
				CURRENT_PROJECT_VERSION = 1;
				DEVELOPMENT_TEAM = N7U85GFNYG;
				GENERATE_INFOPLIST_FILE = YES;
				INFOPLIST_FILE = TMDB_try/FileSystem/Info.plist;
				INFOPLIST_KEY_UIApplicationSupportsIndirectInputEvents = YES;
				INFOPLIST_KEY_UILaunchStoryboardName = LaunchScreen;
				INFOPLIST_KEY_UIMainStoryboardFile = Main;
				INFOPLIST_KEY_UISupportedInterfaceOrientations_iPad = "UIInterfaceOrientationPortrait UIInterfaceOrientationPortraitUpsideDown UIInterfaceOrientationLandscapeLeft UIInterfaceOrientationLandscapeRight";
				INFOPLIST_KEY_UISupportedInterfaceOrientations_iPhone = "UIInterfaceOrientationPortrait UIInterfaceOrientationLandscapeLeft UIInterfaceOrientationLandscapeRight";
				LD_RUNPATH_SEARCH_PATHS = (
					"$(inherited)",
					"@executable_path/Frameworks",
				);
				MARKETING_VERSION = 1.0;
				PRODUCT_BUNDLE_IDENTIFIER = "github.com.TMDB-try";
				PRODUCT_NAME = "$(TARGET_NAME)";
				SWIFT_EMIT_LOC_STRINGS = YES;
				SWIFT_VERSION = 5.0;
				TARGETED_DEVICE_FAMILY = "1,2";
			};
			name = Debug;
		};
		BE01C268295C0FE30058E414 /* Release */ = {
			isa = XCBuildConfiguration;
			buildSettings = {
				ASSETCATALOG_COMPILER_APPICON_NAME = AppIcon;
				ASSETCATALOG_COMPILER_GLOBAL_ACCENT_COLOR_NAME = AccentColor;
				CODE_SIGN_STYLE = Automatic;
				CURRENT_PROJECT_VERSION = 1;
				DEVELOPMENT_TEAM = N7U85GFNYG;
				GENERATE_INFOPLIST_FILE = YES;
				INFOPLIST_FILE = TMDB_try/FileSystem/Info.plist;
				INFOPLIST_KEY_UIApplicationSupportsIndirectInputEvents = YES;
				INFOPLIST_KEY_UILaunchStoryboardName = LaunchScreen;
				INFOPLIST_KEY_UIMainStoryboardFile = Main;
				INFOPLIST_KEY_UISupportedInterfaceOrientations_iPad = "UIInterfaceOrientationPortrait UIInterfaceOrientationPortraitUpsideDown UIInterfaceOrientationLandscapeLeft UIInterfaceOrientationLandscapeRight";
				INFOPLIST_KEY_UISupportedInterfaceOrientations_iPhone = "UIInterfaceOrientationPortrait UIInterfaceOrientationLandscapeLeft UIInterfaceOrientationLandscapeRight";
				LD_RUNPATH_SEARCH_PATHS = (
					"$(inherited)",
					"@executable_path/Frameworks",
				);
				MARKETING_VERSION = 1.0;
				PRODUCT_BUNDLE_IDENTIFIER = "github.com.TMDB-try";
				PRODUCT_NAME = "$(TARGET_NAME)";
				SWIFT_EMIT_LOC_STRINGS = YES;
				SWIFT_VERSION = 5.0;
				TARGETED_DEVICE_FAMILY = "1,2";
			};
			name = Release;
		};
/* End XCBuildConfiguration section */

/* Begin XCConfigurationList section */
		BE01C24D295C0FE20058E414 /* Build configuration list for PBXProject "TMDB_try" */ = {
			isa = XCConfigurationList;
			buildConfigurations = (
				BE01C264295C0FE30058E414 /* Debug */,
				BE01C265295C0FE30058E414 /* Release */,
			);
			defaultConfigurationIsVisible = 0;
			defaultConfigurationName = Release;
		};
		BE01C266295C0FE30058E414 /* Build configuration list for PBXNativeTarget "TMDB_try" */ = {
			isa = XCConfigurationList;
			buildConfigurations = (
				BE01C267295C0FE30058E414 /* Debug */,
				BE01C268295C0FE30058E414 /* Release */,
			);
			defaultConfigurationIsVisible = 0;
			defaultConfigurationName = Release;
		};
/* End XCConfigurationList section */
	};
	rootObject = BE01C24A295C0FE20058E414 /* Project object */;
}
